{
	"name": "lsp-sample-client",
	"version": "0.0.1",
	"lockfileVersion": 1,
	"requires": true,
	"dependencies": {
		"@types/node": {
			"version": "16.4.0",
			"resolved": "https://registry.npmjs.org/@types/node/-/node-16.4.0.tgz",
			"integrity": "sha512-HrJuE7Mlqcjj+00JqMWpZ3tY8w7EUd+S0U3L1+PQSWiXZbOgyQDvi+ogoUxaHApPJq5diKxYBQwA3iIlNcPqOg==",
			"dev": true
		},
		"@types/vscode": {
			"version": "1.61.0",
			"resolved": "https://registry.npmmirror.com/@types/vscode/download/@types/vscode-1.61.0.tgz",
			"integrity": "sha1-xUM1tvhMGcabFDWxfMDOOyzs/uw=",
			"dev": true
		},
		"balanced-match": {
			"version": "1.0.2",
			"resolved": "https://registry.nlark.com/balanced-match/download/balanced-match-1.0.2.tgz",
			"integrity": "sha1-6D46fj8wCzTLnYf2FfoMvzV2kO4="
		},
		"brace-expansion": {
			"version": "1.1.11",
			"resolved": "https://registry.nlark.com/brace-expansion/download/brace-expansion-1.1.11.tgz",
			"integrity": "sha1-PH/L9SnYcibz0vUrlm/1Jx60Qd0=",
			"requires": {
				"balanced-match": "^1.0.0",
				"concat-map": "0.0.1"
			}
		},
		"concat-map": {
			"version": "0.0.1",
			"resolved": "https://registry.npmjs.org/concat-map/-/concat-map-0.0.1.tgz",
			"integrity": "sha1-2Klr13/Wjfd5OnMDajug1UBdR3s="
		},
		"lru-cache": {
			"version": "6.0.0",
			"resolved": "https://registry.npm.taobao.org/lru-cache/download/lru-cache-6.0.0.tgz",
			"integrity": "sha1-bW/mVw69lqr5D8rR2vo7JWbbOpQ=",
			"requires": {
				"yallist": "^4.0.0"
			}
		},
		"minimatch": {
			"version": "3.0.4",
			"resolved": "https://registry.nlark.com/minimatch/download/minimatch-3.0.4.tgz",
			"integrity": "sha1-UWbihkV/AzBgZL5Ul+jbsMPTIIM=",
			"requires": {
				"brace-expansion": "^1.1.7"
			}
		},
		"semver": {
			"version": "7.3.5",
			"resolved": "https://registry.nlark.com/semver/download/semver-7.3.5.tgz?cache=0&sync_timestamp=1622685835879&other_urls=https%3A%2F%2Fregistry.nlark.com%2Fsemver%2Fdownload%2Fsemver-7.3.5.tgz",
			"integrity": "sha1-C2Ich5NI2JmOSw5L6Us/EuYBjvc=",
			"requires": {
				"lru-cache": "^6.0.0"
			}
		},
		"vscode-jsonrpc": {
			"version": "8.0.0-next.3",
			"resolved": "https://registry.npmmirror.com/vscode-jsonrpc/download/vscode-jsonrpc-8.0.0-next.3.tgz",
			"integrity": "sha1-tV7f8OVQsD84BKreRKyiaZryclU="
		},
		"vscode-languageclient": {
			"version": "8.0.0-next.4",
			"resolved": "https://registry.npmmirror.com/vscode-languageclient/download/vscode-languageclient-8.0.0-next.4.tgz",
			"integrity": "sha1-97WirOyJYGgJ8Jd9JKe4MbSWJc8=",
			"requires": {
				"minimatch": "^3.0.4",
				"semver": "^7.3.5",
				"vscode-languageserver-protocol": "3.17.0-next.9"
			}
		},
		"vscode-languageserver-protocol": {
			"version": "3.17.0-next.9",
			"resolved": "https://registry.npmmirror.com/vscode-languageserver-protocol/download/vscode-languageserver-protocol-3.17.0-next.9.tgz",
			"integrity": "sha1-D9StQ2EclqzYPY2Zjb52Zo9g5gQ=",
			"requires": {
				"vscode-jsonrpc": "8.0.0-next.3",
				"vscode-languageserver-types": "3.17.0-next.4"
			}
		},
		"vscode-languageserver-types": {
			"version": "3.17.0-next.4",
			"resolved": "https://registry.npmmirror.com/vscode-languageserver-types/download/vscode-languageserver-types-3.17.0-next.4.tgz?cache=0&other_urls=https%3A%2F%2Fregistry.npmmirror.com%2Fvscode-languageserver-types%2Fdownload%2Fvscode-languageserver-types-3.17.0-next.4.tgz",
			"integrity": "sha1-9niLN17BY9qLOB8vPj9UfLx/vuw="
		},
		"yallist": {
			"version": "4.0.0",
			"resolved": "https://registry.npm.taobao.org/yallist/download/yallist-4.0.0.tgz",
			"integrity": "sha1-m7knkNnA7/7GO+c1GeEaNQGaOnI="
		}
	}
}
