{
	"name": "lsp-sample-client",
	"version": "0.0.1",
	"lockfileVersion": 2,
	"requires": true,
	"packages": {
		"": {
			"name": "lsp-sample-client",
			"version": "0.0.1",
			"license": "MIT",
			"dependencies": {
				"vscode-languageclient": "^8.0.0-next.14"
			},
			"devDependencies": {
				"@types/node": "^16.4.0",
				"@types/vscode": "^1.65.0"
			},
			"engines": {
				"vscode": "^1.59.0"
			}
		},
		"node_modules/@types/node": {
			"version": "16.4.0",
			"resolved": "https://registry.npmjs.org/@types/node/-/node-16.4.0.tgz",
			"integrity": "sha512-HrJuE7Mlqcjj+00JqMWpZ3tY8w7EUd+S0U3L1+PQSWiXZbOgyQDvi+ogoUxaHApPJq5diKxYBQwA3iIlNcPqOg==",
			"dev": true
		},
		"node_modules/@types/vscode": {
			"version": "1.66.0",
			"resolved": "https://registry.npmmirror.com/@types/vscode/-/vscode-1.66.0.tgz",
			"integrity": "sha512-ZfJck4M7nrGasfs4A4YbUoxis3Vu24cETw3DERsNYtDZmYSYtk6ljKexKFKhImO/ZmY6ZMsmegu2FPkXoUFImA==",
			"dev": true
		},
		"node_modules/balanced-match": {
			"version": "1.0.2",
			"resolved": "https://registry.nlark.com/balanced-match/download/balanced-match-1.0.2.tgz",
			"integrity": "sha1-6D46fj8wCzTLnYf2FfoMvzV2kO4="
		},
		"node_modules/brace-expansion": {
			"version": "1.1.11",
			"resolved": "https://registry.nlark.com/brace-expansion/download/brace-expansion-1.1.11.tgz",
			"integrity": "sha1-PH/L9SnYcibz0vUrlm/1Jx60Qd0=",
			"dependencies": {
				"balanced-match": "^1.0.0",
				"concat-map": "0.0.1"
			}
		},
		"node_modules/concat-map": {
			"version": "0.0.1",
			"resolved": "https://registry.npmjs.org/concat-map/-/concat-map-0.0.1.tgz",
			"integrity": "sha1-2Klr13/Wjfd5OnMDajug1UBdR3s="
		},
		"node_modules/lru-cache": {
			"version": "6.0.0",
			"resolved": "https://registry.npm.taobao.org/lru-cache/download/lru-cache-6.0.0.tgz",
			"integrity": "sha1-bW/mVw69lqr5D8rR2vo7JWbbOpQ=",
			"dependencies": {
				"yallist": "^4.0.0"
			},
			"engines": {
				"node": ">=10"
			}
		},
		"node_modules/minimatch": {
			"version": "3.0.4",
			"resolved": "https://registry.nlark.com/minimatch/download/minimatch-3.0.4.tgz",
			"integrity": "sha1-UWbihkV/AzBgZL5Ul+jbsMPTIIM=",
			"dependencies": {
				"brace-expansion": "^1.1.7"
			},
			"engines": {
				"node": "*"
			}
		},
		"node_modules/semver": {
			"version": "7.3.5",
			"resolved": "https://registry.nlark.com/semver/download/semver-7.3.5.tgz?cache=0&sync_timestamp=1622685835879&other_urls=https%3A%2F%2Fregistry.nlark.com%2Fsemver%2Fdownload%2Fsemver-7.3.5.tgz",
			"integrity": "sha1-C2Ich5NI2JmOSw5L6Us/EuYBjvc=",
			"dependencies": {
				"lru-cache": "^6.0.0"
			},
			"bin": {
				"semver": "bin/semver.js"
			},
			"engines": {
				"node": ">=10"
			}
		},
		"node_modules/vscode-jsonrpc": {
			"version": "8.0.0-next.7",
			"resolved": "https://registry.npmmirror.com/vscode-jsonrpc/-/vscode-jsonrpc-8.0.0-next.7.tgz",
			"integrity": "sha512-JX/F31LEsims0dAlOTKFE4E+AJMiJvdRSRViifFJSqSN7EzeYyWlfuDchF7g91oRNPZOIWfibTkDf3/UMsQGzQ==",
			"engines": {
				"node": ">=14.0.0"
			}
		},
		"node_modules/vscode-languageclient": {
			"version": "8.0.0-next.14",
			"resolved": "https://registry.npmmirror.com/vscode-languageclient/-/vscode-languageclient-8.0.0-next.14.tgz",
			"integrity": "sha512-NqjkOuDTMu8uo+PhoMsV72VO9Gd3wBi/ZpOrkRUOrWKQo7yUdiIw183g8wjH8BImgbK9ZP51HM7TI0ZhCnI1Mw==",
			"dependencies": {
				"minimatch": "^3.0.4",
				"semver": "^7.3.5",
				"vscode-languageserver-protocol": "3.17.0-next.16"
			},
			"engines": {
				"vscode": "^1.66.0"
			}
		},
		"node_modules/vscode-languageserver-protocol": {
			"version": "3.17.0-next.16",
			"resolved": "https://registry.npmmirror.com/vscode-languageserver-protocol/-/vscode-languageserver-protocol-3.17.0-next.16.tgz",
			"integrity": "sha512-tx4DnXw9u3N7vw+bx6n2NKp6FoxoNwiP/biH83AS30I2AnTGyLd7afSeH6Oewn2E8jvB7K15bs12sMppkKOVeQ==",
			"dependencies": {
				"vscode-jsonrpc": "8.0.0-next.7",
				"vscode-languageserver-types": "3.17.0-next.9"
			}
		},
		"node_modules/vscode-languageserver-types": {
			"version": "3.17.0-next.9",
			"resolved": "https://registry.npmmirror.com/vscode-languageserver-types/-/vscode-languageserver-types-3.17.0-next.9.tgz",
			"integrity": "sha512-9/PeDNPYduaoXRUzYpqmu4ZV9L01HGo0wH9FUt+sSHR7IXwA7xoXBfNUlv8gB9H0D2WwEmMomSy1NmhjKQyn3A=="
		},
		"node_modules/yallist": {
			"version": "4.0.0",
			"resolved": "https://registry.npm.taobao.org/yallist/download/yallist-4.0.0.tgz",
			"integrity": "sha1-m7knkNnA7/7GO+c1GeEaNQGaOnI="
		}
	},
	"dependencies": {
		"@types/node": {
			"version": "16.4.0",
			"resolved": "https://registry.npmjs.org/@types/node/-/node-16.4.0.tgz",
			"integrity": "sha512-HrJuE7Mlqcjj+00JqMWpZ3tY8w7EUd+S0U3L1+PQSWiXZbOgyQDvi+ogoUxaHApPJq5diKxYBQwA3iIlNcPqOg==",
			"dev": true
		},
		"@types/vscode": {
			"version": "1.66.0",
			"resolved": "https://registry.npmmirror.com/@types/vscode/-/vscode-1.66.0.tgz",
			"integrity": "sha512-ZfJck4M7nrGasfs4A4YbUoxis3Vu24cETw3DERsNYtDZmYSYtk6ljKexKFKhImO/ZmY6ZMsmegu2FPkXoUFImA==",
			"dev": true
		},
		"balanced-match": {
			"version": "1.0.2",
			"resolved": "https://registry.nlark.com/balanced-match/download/balanced-match-1.0.2.tgz",
			"integrity": "sha1-6D46fj8wCzTLnYf2FfoMvzV2kO4="
		},
		"brace-expansion": {
			"version": "1.1.11",
			"resolved": "https://registry.nlark.com/brace-expansion/download/brace-expansion-1.1.11.tgz",
			"integrity": "sha1-PH/L9SnYcibz0vUrlm/1Jx60Qd0=",
			"requires": {
				"balanced-match": "^1.0.0",
				"concat-map": "0.0.1"
			}
		},
		"concat-map": {
			"version": "0.0.1",
			"resolved": "https://registry.npmjs.org/concat-map/-/concat-map-0.0.1.tgz",
			"integrity": "sha1-2Klr13/Wjfd5OnMDajug1UBdR3s="
		},
		"lru-cache": {
			"version": "6.0.0",
			"resolved": "https://registry.npm.taobao.org/lru-cache/download/lru-cache-6.0.0.tgz",
			"integrity": "sha1-bW/mVw69lqr5D8rR2vo7JWbbOpQ=",
			"requires": {
				"yallist": "^4.0.0"
			}
		},
		"minimatch": {
			"version": "3.0.4",
			"resolved": "https://registry.nlark.com/minimatch/download/minimatch-3.0.4.tgz",
			"integrity": "sha1-UWbihkV/AzBgZL5Ul+jbsMPTIIM=",
			"requires": {
				"brace-expansion": "^1.1.7"
			}
		},
		"semver": {
			"version": "7.3.5",
			"resolved": "https://registry.nlark.com/semver/download/semver-7.3.5.tgz?cache=0&sync_timestamp=1622685835879&other_urls=https%3A%2F%2Fregistry.nlark.com%2Fsemver%2Fdownload%2Fsemver-7.3.5.tgz",
			"integrity": "sha1-C2Ich5NI2JmOSw5L6Us/EuYBjvc=",
			"requires": {
				"lru-cache": "^6.0.0"
			}
		},
		"vscode-jsonrpc": {
			"version": "8.0.0-next.7",
			"resolved": "https://registry.npmmirror.com/vscode-jsonrpc/-/vscode-jsonrpc-8.0.0-next.7.tgz",
			"integrity": "sha512-JX/F31LEsims0dAlOTKFE4E+AJMiJvdRSRViifFJSqSN7EzeYyWlfuDchF7g91oRNPZOIWfibTkDf3/UMsQGzQ=="
		},
		"vscode-languageclient": {
			"version": "8.0.0-next.14",
			"resolved": "https://registry.npmmirror.com/vscode-languageclient/-/vscode-languageclient-8.0.0-next.14.tgz",
			"integrity": "sha512-NqjkOuDTMu8uo+PhoMsV72VO9Gd3wBi/ZpOrkRUOrWKQo7yUdiIw183g8wjH8BImgbK9ZP51HM7TI0ZhCnI1Mw==",
			"requires": {
				"minimatch": "^3.0.4",
				"semver": "^7.3.5",
				"vscode-languageserver-protocol": "3.17.0-next.16"
			}
		},
		"vscode-languageserver-protocol": {
			"version": "3.17.0-next.16",
			"resolved": "https://registry.npmmirror.com/vscode-languageserver-protocol/-/vscode-languageserver-protocol-3.17.0-next.16.tgz",
			"integrity": "sha512-tx4DnXw9u3N7vw+bx6n2NKp6FoxoNwiP/biH83AS30I2AnTGyLd7afSeH6Oewn2E8jvB7K15bs12sMppkKOVeQ==",
			"requires": {
				"vscode-jsonrpc": "8.0.0-next.7",
				"vscode-languageserver-types": "3.17.0-next.9"
			}
		},
		"vscode-languageserver-types": {
			"version": "3.17.0-next.9",
			"resolved": "https://registry.npmmirror.com/vscode-languageserver-types/-/vscode-languageserver-types-3.17.0-next.9.tgz",
			"integrity": "sha512-9/PeDNPYduaoXRUzYpqmu4ZV9L01HGo0wH9FUt+sSHR7IXwA7xoXBfNUlv8gB9H0D2WwEmMomSy1NmhjKQyn3A=="
		},
		"yallist": {
			"version": "4.0.0",
			"resolved": "https://registry.npm.taobao.org/yallist/download/yallist-4.0.0.tgz",
			"integrity": "sha1-m7knkNnA7/7GO+c1GeEaNQGaOnI="
		}
	}
}
